
Microsoft Visual Studio Solution File, Format Version 12.00
# Visual Studio 14
VisualStudioVersion = 14.0.25420.1
MinimumVisualStudioVersion = 10.0.40219.1
Project("{8BC9CEB8-8B4A-11D0-8D11-00A0C91BC942}") = "Project1", "Project1\Project1.vcxproj", "{F4366A3E-26ED-436B-82A7-AEFC349A5EC0}"
EndProject
Project("{8BC9CEB8-8B4A-11D0-8D11-00A0C91BC942}") = "Triangle", "Triangle\Triangle.vcxproj", "{4348FD18-6667-4520-84D8-2C4E8367C55D}"
EndProject
Project("{8BC9CEB8-8B4A-11D0-8D11-00A0C91BC942}") = "ShaderCompiler", "ShaderCompiler\ShaderCompiler.vcxproj", "{F5C8C1B1-EC8A-4B18-8A50-7C1F406A5F8B}"
EndProject
Project("{8BC9CEB8-8B4A-11D0-8D11-00A0C91BC942}") = "FirstTexture", "FirstTexture\FirstTexture.vcxproj", "{D07C029F-843B-46C4-AB56-E197C198F6A8}"
EndProject
Project("{8BC9CEB8-8B4A-11D0-8D11-00A0C91BC942}") = "FirstTexture2", "FirstTexture2\FirstTexture2.vcxproj", "{C848943B-12B4-45DB-8ED7-90951A3DD829}"
EndProject
Project("{8BC9CEB8-8B4A-11D0-8D11-00A0C91BC942}") = "Transformations", "Transformations\Transformations.vcxproj", "{6BAEC1D5-FD6D-4BDE-A3EB-85CE056DB09F}"
EndProject
Project("{8BC9CEB8-8B4A-11D0-8D11-00A0C91BC942}") = "CoordinateSystem1", "CoordinateSystem1\CoordinateSystem1.vcxproj", "{A92BA225-5BA8-43E3-BE50-D7E06E4F346D}"
EndProject
Project("{8BC9CEB8-8B4A-11D0-8D11-00A0C91BC942}") = "CoordinateSystem2", "CoordinateSystem2\CoordinateSystem2.vcxproj", "{1958856A-314A-42FE-9205-2EB3194C6C2C}"
EndProject
Project("{8BC9CEB8-8B4A-11D0-8D11-00A0C91BC942}") = "Camera", "Camera\Camera.vcxproj", "{585720FF-8097-4EEB-8AB3-3A689B8E858B}"
EndProject
Project("{8BC9CEB8-8B4A-11D0-8D11-00A0C91BC942}") = "CameraFPS", "CameraFPS\CameraFPS.vcxproj", "{D81487AA-66D3-42FD-AF49-775E15E7B081}"
EndProject
Project("{8BC9CEB8-8B4A-11D0-8D11-00A0C91BC942}") = "CameraClass", "CameraClass\CameraClass.vcxproj", "{2B63F9C5-656C-4CC2-83CC-04B102FD3519}"
EndProject
Global
	GlobalSection(SolutionConfigurationPlatforms) = preSolution
		Debug|x64 = Debug|x64
		Debug|x86 = Debug|x86
		Release|x64 = Release|x64
		Release|x86 = Release|x86
	EndGlobalSection
	GlobalSection(ProjectConfigurationPlatforms) = postSolution
		{F4366A3E-26ED-436B-82A7-AEFC349A5EC0}.Debug|x64.ActiveCfg = Debug|x64
		{F4366A3E-26ED-436B-82A7-AEFC349A5EC0}.Debug|x64.Build.0 = Debug|x64
		{F4366A3E-26ED-436B-82A7-AEFC349A5EC0}.Debug|x86.ActiveCfg = Debug|Win32
		{F4366A3E-26ED-436B-82A7-AEFC349A5EC0}.Debug|x86.Build.0 = Debug|Win32
		{F4366A3E-26ED-436B-82A7-AEFC349A5EC0}.Release|x64.ActiveCfg = Release|x64
		{F4366A3E-26ED-436B-82A7-AEFC349A5EC0}.Release|x64.Build.0 = Release|x64
		{F4366A3E-26ED-436B-82A7-AEFC349A5EC0}.Release|x86.ActiveCfg = Release|Win32
		{F4366A3E-26ED-436B-82A7-AEFC349A5EC0}.Release|x86.Build.0 = Release|Win32
		{4348FD18-6667-4520-84D8-2C4E8367C55D}.Debug|x64.ActiveCfg = Debug|x64
		{4348FD18-6667-4520-84D8-2C4E8367C55D}.Debug|x64.Build.0 = Debug|x64
		{4348FD18-6667-4520-84D8-2C4E8367C55D}.Debug|x86.ActiveCfg = Debug|Win32
		{4348FD18-6667-4520-84D8-2C4E8367C55D}.Debug|x86.Build.0 = Debug|Win32
		{4348FD18-6667-4520-84D8-2C4E8367C55D}.Release|x64.ActiveCfg = Release|x64
		{4348FD18-6667-4520-84D8-2C4E8367C55D}.Release|x64.Build.0 = Release|x64
		{4348FD18-6667-4520-84D8-2C4E8367C55D}.Release|x86.ActiveCfg = Release|Win32
		{4348FD18-6667-4520-84D8-2C4E8367C55D}.Release|x86.Build.0 = Release|Win32
		{F5C8C1B1-EC8A-4B18-8A50-7C1F406A5F8B}.Debug|x64.ActiveCfg = Debug|x64
		{F5C8C1B1-EC8A-4B18-8A50-7C1F406A5F8B}.Debug|x64.Build.0 = Debug|x64
		{F5C8C1B1-EC8A-4B18-8A50-7C1F406A5F8B}.Debug|x86.ActiveCfg = Debug|Win32
		{F5C8C1B1-EC8A-4B18-8A50-7C1F406A5F8B}.Debug|x86.Build.0 = Debug|Win32
		{F5C8C1B1-EC8A-4B18-8A50-7C1F406A5F8B}.Release|x64.ActiveCfg = Release|x64
		{F5C8C1B1-EC8A-4B18-8A50-7C1F406A5F8B}.Release|x64.Build.0 = Release|x64
		{F5C8C1B1-EC8A-4B18-8A50-7C1F406A5F8B}.Release|x86.ActiveCfg = Release|Win32
		{F5C8C1B1-EC8A-4B18-8A50-7C1F406A5F8B}.Release|x86.Build.0 = Release|Win32
		{D07C029F-843B-46C4-AB56-E197C198F6A8}.Debug|x64.ActiveCfg = Debug|x64
		{D07C029F-843B-46C4-AB56-E197C198F6A8}.Debug|x64.Build.0 = Debug|x64
		{D07C029F-843B-46C4-AB56-E197C198F6A8}.Debug|x86.ActiveCfg = Debug|Win32
		{D07C029F-843B-46C4-AB56-E197C198F6A8}.Debug|x86.Build.0 = Debug|Win32
		{D07C029F-843B-46C4-AB56-E197C198F6A8}.Release|x64.ActiveCfg = Release|x64
		{D07C029F-843B-46C4-AB56-E197C198F6A8}.Release|x64.Build.0 = Release|x64
		{D07C029F-843B-46C4-AB56-E197C198F6A8}.Release|x86.ActiveCfg = Release|Win32
		{D07C029F-843B-46C4-AB56-E197C198F6A8}.Release|x86.Build.0 = Release|Win32
		{C848943B-12B4-45DB-8ED7-90951A3DD829}.Debug|x64.ActiveCfg = Debug|x64
		{C848943B-12B4-45DB-8ED7-90951A3DD829}.Debug|x64.Build.0 = Debug|x64
		{C848943B-12B4-45DB-8ED7-90951A3DD829}.Debug|x86.ActiveCfg = Debug|Win32
		{C848943B-12B4-45DB-8ED7-90951A3DD829}.Debug|x86.Build.0 = Debug|Win32
		{C848943B-12B4-45DB-8ED7-90951A3DD829}.Release|x64.ActiveCfg = Release|x64
		{C848943B-12B4-45DB-8ED7-90951A3DD829}.Release|x64.Build.0 = Release|x64
		{C848943B-12B4-45DB-8ED7-90951A3DD829}.Release|x86.ActiveCfg = Release|Win32
		{C848943B-12B4-45DB-8ED7-90951A3DD829}.Release|x86.Build.0 = Release|Win32
		{6BAEC1D5-FD6D-4BDE-A3EB-85CE056DB09F}.Debug|x64.ActiveCfg = Debug|x64
		{6BAEC1D5-FD6D-4BDE-A3EB-85CE056DB09F}.Debug|x64.Build.0 = Debug|x64
		{6BAEC1D5-FD6D-4BDE-A3EB-85CE056DB09F}.Debug|x86.ActiveCfg = Debug|Win32
		{6BAEC1D5-FD6D-4BDE-A3EB-85CE056DB09F}.Debug|x86.Build.0 = Debug|Win32
		{6BAEC1D5-FD6D-4BDE-A3EB-85CE056DB09F}.Release|x64.ActiveCfg = Release|x64
		{6BAEC1D5-FD6D-4BDE-A3EB-85CE056DB09F}.Release|x64.Build.0 = Release|x64
		{6BAEC1D5-FD6D-4BDE-A3EB-85CE056DB09F}.Release|x86.ActiveCfg = Release|Win32
		{6BAEC1D5-FD6D-4BDE-A3EB-85CE056DB09F}.Release|x86.Build.0 = Release|Win32
		{A92BA225-5BA8-43E3-BE50-D7E06E4F346D}.Debug|x64.ActiveCfg = Debug|x64
		{A92BA225-5BA8-43E3-BE50-D7E06E4F346D}.Debug|x64.Build.0 = Debug|x64
		{A92BA225-5BA8-43E3-BE50-D7E06E4F346D}.Debug|x86.ActiveCfg = Debug|Win32
		{A92BA225-5BA8-43E3-BE50-D7E06E4F346D}.Debug|x86.Build.0 = Debug|Win32
		{A92BA225-5BA8-43E3-BE50-D7E06E4F346D}.Release|x64.ActiveCfg = Release|x64
		{A92BA225-5BA8-43E3-BE50-D7E06E4F346D}.Release|x64.Build.0 = Release|x64
		{A92BA225-5BA8-43E3-BE50-D7E06E4F346D}.Release|x86.ActiveCfg = Release|Win32
		{A92BA225-5BA8-43E3-BE50-D7E06E4F346D}.Release|x86.Build.0 = Release|Win32
		{1958856A-314A-42FE-9205-2EB3194C6C2C}.Debug|x64.ActiveCfg = Debug|x64
		{1958856A-314A-42FE-9205-2EB3194C6C2C}.Debug|x64.Build.0 = Debug|x64
		{1958856A-314A-42FE-9205-2EB3194C6C2C}.Debug|x86.ActiveCfg = Debug|Win32
		{1958856A-314A-42FE-9205-2EB3194C6C2C}.Debug|x86.Build.0 = Debug|Win32
		{1958856A-314A-42FE-9205-2EB3194C6C2C}.Release|x64.ActiveCfg = Release|x64
		{1958856A-314A-42FE-9205-2EB3194C6C2C}.Release|x64.Build.0 = Release|x64
		{1958856A-314A-42FE-9205-2EB3194C6C2C}.Release|x86.ActiveCfg = Release|Win32
		{1958856A-314A-42FE-9205-2EB3194C6C2C}.Release|x86.Build.0 = Release|Win32
		{585720FF-8097-4EEB-8AB3-3A689B8E858B}.Debug|x64.ActiveCfg = Debug|x64
		{585720FF-8097-4EEB-8AB3-3A689B8E858B}.Debug|x64.Build.0 = Debug|x64
		{585720FF-8097-4EEB-8AB3-3A689B8E858B}.Debug|x86.ActiveCfg = Debug|Win32
		{585720FF-8097-4EEB-8AB3-3A689B8E858B}.Debug|x86.Build.0 = Debug|Win32
		{585720FF-8097-4EEB-8AB3-3A689B8E858B}.Release|x64.ActiveCfg = Release|x64
		{585720FF-8097-4EEB-8AB3-3A689B8E858B}.Release|x64.Build.0 = Release|x64
		{585720FF-8097-4EEB-8AB3-3A689B8E858B}.Release|x86.ActiveCfg = Release|Win32
		{585720FF-8097-4EEB-8AB3-3A689B8E858B}.Release|x86.Build.0 = Release|Win32
		{D81487AA-66D3-42FD-AF49-775E15E7B081}.Debug|x64.ActiveCfg = Debug|x64
		{D81487AA-66D3-42FD-AF49-775E15E7B081}.Debug|x64.Build.0 = Debug|x64
		{D81487AA-66D3-42FD-AF49-775E15E7B081}.Debug|x86.ActiveCfg = Debug|Win32
		{D81487AA-66D3-42FD-AF49-775E15E7B081}.Debug|x86.Build.0 = Debug|Win32
		{D81487AA-66D3-42FD-AF49-775E15E7B081}.Release|x64.ActiveCfg = Release|x64
		{D81487AA-66D3-42FD-AF49-775E15E7B081}.Release|x64.Build.0 = Release|x64
		{D81487AA-66D3-42FD-AF49-775E15E7B081}.Release|x86.ActiveCfg = Release|Win32
		{D81487AA-66D3-42FD-AF49-775E15E7B081}.Release|x86.Build.0 = Release|Win32
		{2B63F9C5-656C-4CC2-83CC-04B102FD3519}.Debug|x64.ActiveCfg = Debug|x64
		{2B63F9C5-656C-4CC2-83CC-04B102FD3519}.Debug|x64.Build.0 = Debug|x64
		{2B63F9C5-656C-4CC2-83CC-04B102FD3519}.Debug|x86.ActiveCfg = Debug|Win32
		{2B63F9C5-656C-4CC2-83CC-04B102FD3519}.Debug|x86.Build.0 = Debug|Win32
		{2B63F9C5-656C-4CC2-83CC-04B102FD3519}.Release|x64.ActiveCfg = Release|x64
		{2B63F9C5-656C-4CC2-83CC-04B102FD3519}.Release|x64.Build.0 = Release|x64
		{2B63F9C5-656C-4CC2-83CC-04B102FD3519}.Release|x86.ActiveCfg = Release|Win32
		{2B63F9C5-656C-4CC2-83CC-04B102FD3519}.Release|x86.Build.0 = Release|Win32
	EndGlobalSection
	GlobalSection(SolutionProperties) = preSolution
		HideSolutionNode = FALSE
	EndGlobalSection
EndGlobal
